// !$*UTF8*$!
{
	archiveVersion = 1;
	classes = {
	};
	objectVersion = 55;
	objects = {

/* Begin PBXBuildFile section */
		1EB47A4B288C75A70035313E /* Toast in Frameworks */ = {isa = PBXBuildFile; productRef = 1EB47A4A288C75A70035313E /* Toast */; };
		1EB47A4E288C79950035313E /* PopUp.storyboard in Resources */ = {isa = PBXBuildFile; fileRef = 1EB47A4D288C79950035313E /* PopUp.storyboard */; };
		1EB47A50288C79A90035313E /* PopUpViewController.swift in Sources */ = {isa = PBXBuildFile; fileRef = 1EB47A4F288C79A90035313E /* PopUpViewController.swift */; };
		1EB47A53288D96E20035313E /* MainScreen.storyboard in Resources */ = {isa = PBXBuildFile; fileRef = 1EB47A52288D96E20035313E /* MainScreen.storyboard */; };
		1EB47A55288D971A0035313E /* MainScreenViewController.swift in Sources */ = {isa = PBXBuildFile; fileRef = 1EB47A54288D971A0035313E /* MainScreenViewController.swift */; };
		1ED24A50288B0DB1004613FC /* AppDelegate.swift in Sources */ = {isa = PBXBuildFile; fileRef = 1ED24A4F288B0DB1004613FC /* AppDelegate.swift */; };
		1ED24A52288B0DB1004613FC /* SceneDelegate.swift in Sources */ = {isa = PBXBuildFile; fileRef = 1ED24A51288B0DB1004613FC /* SceneDelegate.swift */; };
		1ED24A54288B0DB1004613FC /* ViewController.swift in Sources */ = {isa = PBXBuildFile; fileRef = 1ED24A53288B0DB1004613FC /* ViewController.swift */; };
		1ED24A57288B0DB1004613FC /* Main.storyboard in Resources */ = {isa = PBXBuildFile; fileRef = 1ED24A55288B0DB1004613FC /* Main.storyboard */; };
		1ED24A59288B0DB6004613FC /* Assets.xcassets in Resources */ = {isa = PBXBuildFile; fileRef = 1ED24A58288B0DB6004613FC /* Assets.xcassets */; };
		1ED24A5C288B0DB6004613FC /* LaunchScreen.storyboard in Resources */ = {isa = PBXBuildFile; fileRef = 1ED24A5A288B0DB6004613FC /* LaunchScreen.storyboard */; };
		1ED24A64288B1092004613FC /* Tamagotchi.swift in Sources */ = {isa = PBXBuildFile; fileRef = 1ED24A63288B1092004613FC /* Tamagotchi.swift */; };
		1ED24A67288B15E4004613FC /* FirstScreenCollectionViewController.swift in Sources */ = {isa = PBXBuildFile; fileRef = 1ED24A66288B15E4004613FC /* FirstScreenCollectionViewController.swift */; };
		1ED24A69288B1620004613FC /* FirstScreenCollectionViewCell.swift in Sources */ = {isa = PBXBuildFile; fileRef = 1ED24A68288B1620004613FC /* FirstScreenCollectionViewCell.swift */; };
		1ED24A6B288B1DAC004613FC /* TamagotchiData.swift in Sources */ = {isa = PBXBuildFile; fileRef = 1ED24A6A288B1DAC004613FC /* TamagotchiData.swift */; };
/* End PBXBuildFile section */

/* Begin PBXFileReference section */
		1EB47A4D288C79950035313E /* PopUp.storyboard */ = {isa = PBXFileReference; lastKnownFileType = file.storyboard; path = PopUp.storyboard; sourceTree = "<group>"; };
		1EB47A4F288C79A90035313E /* PopUpViewController.swift */ = {isa = PBXFileReference; lastKnownFileType = sourcecode.swift; path = PopUpViewController.swift; sourceTree = "<group>"; };
		1EB47A52288D96E20035313E /* MainScreen.storyboard */ = {isa = PBXFileReference; lastKnownFileType = file.storyboard; path = MainScreen.storyboard; sourceTree = "<group>"; };
		1EB47A54288D971A0035313E /* MainScreenViewController.swift */ = {isa = PBXFileReference; lastKnownFileType = sourcecode.swift; path = MainScreenViewController.swift; sourceTree = "<group>"; };
		1ED24A4C288B0DB1004613FC /* Tamagotchi_Project.app */ = {isa = PBXFileReference; explicitFileType = wrapper.application; includeInIndex = 0; path = Tamagotchi_Project.app; sourceTree = BUILT_PRODUCTS_DIR; };
		1ED24A4F288B0DB1004613FC /* AppDelegate.swift */ = {isa = PBXFileReference; lastKnownFileType = sourcecode.swift; path = AppDelegate.swift; sourceTree = "<group>"; };
		1ED24A51288B0DB1004613FC /* SceneDelegate.swift */ = {isa = PBXFileReference; lastKnownFileType = sourcecode.swift; path = SceneDelegate.swift; sourceTree = "<group>"; };
		1ED24A53288B0DB1004613FC /* ViewController.swift */ = {isa = PBXFileReference; lastKnownFileType = sourcecode.swift; path = ViewController.swift; sourceTree = "<group>"; };
		1ED24A56288B0DB1004613FC /* Base */ = {isa = PBXFileReference; lastKnownFileType = file.storyboard; name = Base; path = Base.lproj/Main.storyboard; sourceTree = "<group>"; };
		1ED24A58288B0DB6004613FC /* Assets.xcassets */ = {isa = PBXFileReference; lastKnownFileType = folder.assetcatalog; path = Assets.xcassets; sourceTree = "<group>"; };
		1ED24A5B288B0DB6004613FC /* Base */ = {isa = PBXFileReference; lastKnownFileType = file.storyboard; name = Base; path = Base.lproj/LaunchScreen.storyboard; sourceTree = "<group>"; };
		1ED24A5D288B0DB6004613FC /* Info.plist */ = {isa = PBXFileReference; lastKnownFileType = text.plist.xml; path = Info.plist; sourceTree = "<group>"; };
		1ED24A63288B1092004613FC /* Tamagotchi.swift */ = {isa = PBXFileReference; lastKnownFileType = sourcecode.swift; path = Tamagotchi.swift; sourceTree = "<group>"; };
		1ED24A66288B15E4004613FC /* FirstScreenCollectionViewController.swift */ = {isa = PBXFileReference; lastKnownFileType = sourcecode.swift; path = FirstScreenCollectionViewController.swift; sourceTree = "<group>"; };
		1ED24A68288B1620004613FC /* FirstScreenCollectionViewCell.swift */ = {isa = PBXFileReference; lastKnownFileType = sourcecode.swift; path = FirstScreenCollectionViewCell.swift; sourceTree = "<group>"; };
		1ED24A6A288B1DAC004613FC /* TamagotchiData.swift */ = {isa = PBXFileReference; lastKnownFileType = sourcecode.swift; path = TamagotchiData.swift; sourceTree = "<group>"; };
/* End PBXFileReference section */

/* Begin PBXFrameworksBuildPhase section */
		1ED24A49288B0DB1004613FC /* Frameworks */ = {
			isa = PBXFrameworksBuildPhase;
			buildActionMask = 2147483647;
			files = (
				1EB47A4B288C75A70035313E /* Toast in Frameworks */,
			);
			runOnlyForDeploymentPostprocessing = 0;
		};
/* End PBXFrameworksBuildPhase section */

/* Begin PBXGroup section */
		1EB47A4C288C79730035313E /* Data */ = {
			isa = PBXGroup;
			children = (
				1ED24A63288B1092004613FC /* Tamagotchi.swift */,
				1ED24A6A288B1DAC004613FC /* TamagotchiData.swift */,
			);
			path = Data;
			sourceTree = "<group>";
		};
		1EB47A51288D942A0035313E /* MainScreen */ = {
			isa = PBXGroup;
			children = (
				1EB47A52288D96E20035313E /* MainScreen.storyboard */,
				1EB47A54288D971A0035313E /* MainScreenViewController.swift */,
			);
			path = MainScreen;
			sourceTree = "<group>";
		};
		1ED24A43288B0DB1004613FC = {
			isa = PBXGroup;
			children = (
				1ED24A4E288B0DB1004613FC /* Tamagotchi_Project */,
				1ED24A4D288B0DB1004613FC /* Products */,
			);
			sourceTree = "<group>";
		};
		1ED24A4D288B0DB1004613FC /* Products */ = {
			isa = PBXGroup;
			children = (
				1ED24A4C288B0DB1004613FC /* Tamagotchi_Project.app */,
			);
			name = Products;
			sourceTree = "<group>";
		};
		1ED24A4E288B0DB1004613FC /* Tamagotchi_Project */ = {
			isa = PBXGroup;
			children = (
				1EB47A51288D942A0035313E /* MainScreen */,
				1EB47A4C288C79730035313E /* Data */,
				1ED24A65288B14C7004613FC /* FirstScreen */,
				1ED24A4F288B0DB1004613FC /* AppDelegate.swift */,
				1ED24A51288B0DB1004613FC /* SceneDelegate.swift */,
				1ED24A53288B0DB1004613FC /* ViewController.swift */,
				1ED24A58288B0DB6004613FC /* Assets.xcassets */,
				1ED24A5A288B0DB6004613FC /* LaunchScreen.storyboard */,
				1ED24A5D288B0DB6004613FC /* Info.plist */,
			);
			path = Tamagotchi_Project;
			sourceTree = "<group>";
		};
		1ED24A65288B14C7004613FC /* FirstScreen */ = {
			isa = PBXGroup;
			children = (
				1ED24A55288B0DB1004613FC /* Main.storyboard */,
				1ED24A66288B15E4004613FC /* FirstScreenCollectionViewController.swift */,
				1ED24A68288B1620004613FC /* FirstScreenCollectionViewCell.swift */,
				1EB47A4D288C79950035313E /* PopUp.storyboard */,
				1EB47A4F288C79A90035313E /* PopUpViewController.swift */,
			);
			path = FirstScreen;
			sourceTree = "<group>";
		};
/* End PBXGroup section */

/* Begin PBXNativeTarget section */
		1ED24A4B288B0DB1004613FC /* Tamagotchi_Project */ = {
			isa = PBXNativeTarget;
			buildConfigurationList = 1ED24A60288B0DB6004613FC /* Build configuration list for PBXNativeTarget "Tamagotchi_Project" */;
			buildPhases = (
				1ED24A48288B0DB1004613FC /* Sources */,
				1ED24A49288B0DB1004613FC /* Frameworks */,
				1ED24A4A288B0DB1004613FC /* Resources */,
			);
			buildRules = (
			);
			dependencies = (
			);
			name = Tamagotchi_Project;
			packageProductDependencies = (
				1EB47A4A288C75A70035313E /* Toast */,
			);
			productName = Tamagotchi_Project;
			productReference = 1ED24A4C288B0DB1004613FC /* Tamagotchi_Project.app */;
			productType = "com.apple.product-type.application";
		};
/* End PBXNativeTarget section */

/* Begin PBXProject section */
		1ED24A44288B0DB1004613FC /* Project object */ = {
			isa = PBXProject;
			attributes = {
				BuildIndependentTargetsInParallel = 1;
				LastSwiftUpdateCheck = 1340;
				LastUpgradeCheck = 1340;
				TargetAttributes = {
					1ED24A4B288B0DB1004613FC = {
						CreatedOnToolsVersion = 13.4.1;
					};
				};
			};
			buildConfigurationList = 1ED24A47288B0DB1004613FC /* Build configuration list for PBXProject "Tamagotchi_Project" */;
			compatibilityVersion = "Xcode 13.0";
			developmentRegion = en;
			hasScannedForEncodings = 0;
			knownRegions = (
				en,
				Base,
			);
			mainGroup = 1ED24A43288B0DB1004613FC;
			packageReferences = (
				1EB47A49288C75A70035313E /* XCRemoteSwiftPackageReference "Toast-Swift" */,
			);
			productRefGroup = 1ED24A4D288B0DB1004613FC /* Products */;
			projectDirPath = "";
			projectRoot = "";
			targets = (
				1ED24A4B288B0DB1004613FC /* Tamagotchi_Project */,
			);
		};
/* End PBXProject section */

/* Begin PBXResourcesBuildPhase section */
		1ED24A4A288B0DB1004613FC /* Resources */ = {
			isa = PBXResourcesBuildPhase;
			buildActionMask = 2147483647;
			files = (
				1ED24A5C288B0DB6004613FC /* LaunchScreen.storyboard in Resources */,
				1EB47A53288D96E20035313E /* MainScreen.storyboard in Resources */,
				1ED24A59288B0DB6004613FC /* Assets.xcassets in Resources */,
				1ED24A57288B0DB1004613FC /* Main.storyboard in Resources */,
				1EB47A4E288C79950035313E /* PopUp.storyboard in Resources */,
			);
			runOnlyForDeploymentPostprocessing = 0;
		};
/* End PBXResourcesBuildPhase section */

/* Begin PBXSourcesBuildPhase section */
		1ED24A48288B0DB1004613FC /* Sources */ = {
			isa = PBXSourcesBuildPhase;
			buildActionMask = 2147483647;
			files = (
				1ED24A64288B1092004613FC /* Tamagotchi.swift in Sources */,
				1ED24A54288B0DB1004613FC /* ViewController.swift in Sources */,
				1ED24A50288B0DB1004613FC /* AppDelegate.swift in Sources */,
				1ED24A6B288B1DAC004613FC /* TamagotchiData.swift in Sources */,
				1ED24A67288B15E4004613FC /* FirstScreenCollectionViewController.swift in Sources */,
				1ED24A52288B0DB1004613FC /* SceneDelegate.swift in Sources */,
				1ED24A69288B1620004613FC /* FirstScreenCollectionViewCell.swift in Sources */,
				1EB47A50288C79A90035313E /* PopUpViewController.swift in Sources */,
				1EB47A55288D971A0035313E /* MainScreenViewController.swift in Sources */,
			);
			runOnlyForDeploymentPostprocessing = 0;
		};
/* End PBXSourcesBuildPhase section */

/* Begin PBXVariantGroup section */
		1ED24A55288B0DB1004613FC /* Main.storyboard */ = {
			isa = PBXVariantGroup;
			children = (
				1ED24A56288B0DB1004613FC /* Base */,
			);
			name = Main.storyboard;
			sourceTree = "<group>";
		};
		1ED24A5A288B0DB6004613FC /* LaunchScreen.storyboard */ = {
			isa = PBXVariantGroup;
			children = (
				1ED24A5B288B0DB6004613FC /* Base */,
			);
			name = LaunchScreen.storyboard;
			sourceTree = "<group>";
		};
/* End PBXVariantGroup section */

/* Begin XCBuildConfiguration section */
		1ED24A5E288B0DB6004613FC /* Debug */ = {
			isa = XCBuildConfiguration;
			buildSettings = {
				ALWAYS_SEARCH_USER_PATHS = NO;
				CLANG_ANALYZER_NONNULL = YES;
				CLANG_ANALYZER_NUMBER_OBJECT_CONVERSION = YES_AGGRESSIVE;
				CLANG_CXX_LANGUAGE_STANDARD = "gnu++17";
				CLANG_ENABLE_MODULES = YES;
				CLANG_ENABLE_OBJC_ARC = YES;
				CLANG_ENABLE_OBJC_WEAK = YES;
				CLANG_WARN_BLOCK_CAPTURE_AUTORELEASING = YES;
				CLANG_WARN_BOOL_CONVERSION = YES;
				CLANG_WARN_COMMA = YES;
				CLANG_WARN_CONSTANT_CONVERSION = YES;
				CLANG_WARN_DEPRECATED_OBJC_IMPLEMENTATIONS = YES;
				CLANG_WARN_DIRECT_OBJC_ISA_USAGE = YES_ERROR;
				CLANG_WARN_DOCUMENTATION_COMMENTS = YES;
				CLANG_WARN_EMPTY_BODY = YES;
				CLANG_WARN_ENUM_CONVERSION = YES;
				CLANG_WARN_INFINITE_RECURSION = YES;
				CLANG_WARN_INT_CONVERSION = YES;
				CLANG_WARN_NON_LITERAL_NULL_CONVERSION = YES;
				CLANG_WARN_OBJC_IMPLICIT_RETAIN_SELF = YES;
				CLANG_WARN_OBJC_LITERAL_CONVERSION = YES;
				CLANG_WARN_OBJC_ROOT_CLASS = YES_ERROR;
				CLANG_WARN_QUOTED_INCLUDE_IN_FRAMEWORK_HEADER = YES;
				CLANG_WARN_RANGE_LOOP_ANALYSIS = YES;
				CLANG_WARN_STRICT_PROTOTYPES = YES;
				CLANG_WARN_SUSPICIOUS_MOVE = YES;
				CLANG_WARN_UNGUARDED_AVAILABILITY = YES_AGGRESSIVE;
				CLANG_WARN_UNREACHABLE_CODE = YES;
				CLANG_WARN__DUPLICATE_METHOD_MATCH = YES;
				COPY_PHASE_STRIP = NO;
				DEBUG_INFORMATION_FORMAT = dwarf;
				ENABLE_STRICT_OBJC_MSGSEND = YES;
				ENABLE_TESTABILITY = YES;
				GCC_C_LANGUAGE_STANDARD = gnu11;
				GCC_DYNAMIC_NO_PIC = NO;
				GCC_NO_COMMON_BLOCKS = YES;
				GCC_OPTIMIZATION_LEVEL = 0;
				GCC_PREPROCESSOR_DEFINITIONS = (
					"DEBUG=1",
					"$(inherited)",
				);
				GCC_WARN_64_TO_32_BIT_CONVERSION = YES;
				GCC_WARN_ABOUT_RETURN_TYPE = YES_ERROR;
				GCC_WARN_UNDECLARED_SELECTOR = YES;
				GCC_WARN_UNINITIALIZED_AUTOS = YES_AGGRESSIVE;
				GCC_WARN_UNUSED_FUNCTION = YES;
				GCC_WARN_UNUSED_VARIABLE = YES;
				IPHONEOS_DEPLOYMENT_TARGET = 15.5;
				MTL_ENABLE_DEBUG_INFO = INCLUDE_SOURCE;
				MTL_FAST_MATH = YES;
				ONLY_ACTIVE_ARCH = YES;
				SDKROOT = iphoneos;
				SWIFT_ACTIVE_COMPILATION_CONDITIONS = DEBUG;
				SWIFT_OPTIMIZATION_LEVEL = "-Onone";
			};
			name = Debug;
		};
		1ED24A5F288B0DB6004613FC /* Release */ = {
			isa = XCBuildConfiguration;
			buildSettings = {
				ALWAYS_SEARCH_USER_PATHS = NO;
				CLANG_ANALYZER_NONNULL = YES;
				CLANG_ANALYZER_NUMBER_OBJECT_CONVERSION = YES_AGGRESSIVE;
				CLANG_CXX_LANGUAGE_STANDARD = "gnu++17";
				CLANG_ENABLE_MODULES = YES;
				CLANG_ENABLE_OBJC_ARC = YES;
				CLANG_ENABLE_OBJC_WEAK = YES;
				CLANG_WARN_BLOCK_CAPTURE_AUTORELEASING = YES;
				CLANG_WARN_BOOL_CONVERSION = YES;
				CLANG_WARN_COMMA = YES;
				CLANG_WARN_CONSTANT_CONVERSION = YES;
				CLANG_WARN_DEPRECATED_OBJC_IMPLEMENTATIONS = YES;
				CLANG_WARN_DIRECT_OBJC_ISA_USAGE = YES_ERROR;
				CLANG_WARN_DOCUMENTATION_COMMENTS = YES;
				CLANG_WARN_EMPTY_BODY = YES;
				CLANG_WARN_ENUM_CONVERSION = YES;
				CLANG_WARN_INFINITE_RECURSION = YES;
				CLANG_WARN_INT_CONVERSION = YES;
				CLANG_WARN_NON_LITERAL_NULL_CONVERSION = YES;
				CLANG_WARN_OBJC_IMPLICIT_RETAIN_SELF = YES;
				CLANG_WARN_OBJC_LITERAL_CONVERSION = YES;
				CLANG_WARN_OBJC_ROOT_CLASS = YES_ERROR;
				CLANG_WARN_QUOTED_INCLUDE_IN_FRAMEWORK_HEADER = YES;
				CLANG_WARN_RANGE_LOOP_ANALYSIS = YES;
				CLANG_WARN_STRICT_PROTOTYPES = YES;
				CLANG_WARN_SUSPICIOUS_MOVE = YES;
				CLANG_WARN_UNGUARDED_AVAILABILITY = YES_AGGRESSIVE;
				CLANG_WARN_UNREACHABLE_CODE = YES;
				CLANG_WARN__DUPLICATE_METHOD_MATCH = YES;
				COPY_PHASE_STRIP = NO;
				DEBUG_INFORMATION_FORMAT = "dwarf-with-dsym";
				ENABLE_NS_ASSERTIONS = NO;
				ENABLE_STRICT_OBJC_MSGSEND = YES;
				GCC_C_LANGUAGE_STANDARD = gnu11;
				GCC_NO_COMMON_BLOCKS = YES;
				GCC_WARN_64_TO_32_BIT_CONVERSION = YES;
				GCC_WARN_ABOUT_RETURN_TYPE = YES_ERROR;
				GCC_WARN_UNDECLARED_SELECTOR = YES;
				GCC_WARN_UNINITIALIZED_AUTOS = YES_AGGRESSIVE;
				GCC_WARN_UNUSED_FUNCTION = YES;
				GCC_WARN_UNUSED_VARIABLE = YES;
				IPHONEOS_DEPLOYMENT_TARGET = 15.5;
				MTL_ENABLE_DEBUG_INFO = NO;
				MTL_FAST_MATH = YES;
				SDKROOT = iphoneos;
				SWIFT_COMPILATION_MODE = wholemodule;
				SWIFT_OPTIMIZATION_LEVEL = "-O";
				VALIDATE_PRODUCT = YES;
			};
			name = Release;
		};
		1ED24A61288B0DB6004613FC /* Debug */ = {
			isa = XCBuildConfiguration;
			buildSettings = {
				ASSETCATALOG_COMPILER_APPICON_NAME = AppIcon;
				ASSETCATALOG_COMPILER_GLOBAL_ACCENT_COLOR_NAME = AccentColor;
				CODE_SIGN_STYLE = Automatic;
				CURRENT_PROJECT_VERSION = 1;
				DEVELOPMENT_TEAM = AFMSUTLF6S;
				GENERATE_INFOPLIST_FILE = YES;
				INFOPLIST_FILE = Tamagotchi_Project/Info.plist;
				INFOPLIST_KEY_UIApplicationSupportsIndirectInputEvents = YES;
				INFOPLIST_KEY_UILaunchStoryboardName = LaunchScreen;
				INFOPLIST_KEY_UIMainStoryboardFile = Main;
				INFOPLIST_KEY_UISupportedInterfaceOrientations_iPad = "UIInterfaceOrientationPortrait UIInterfaceOrientationPortraitUpsideDown UIInterfaceOrientationLandscapeLeft UIInterfaceOrientationLandscapeRight";
				INFOPLIST_KEY_UISupportedInterfaceOrientations_iPhone = "UIInterfaceOrientationPortrait UIInterfaceOrientationLandscapeLeft UIInterfaceOrientationLandscapeRight";
				LD_RUNPATH_SEARCH_PATHS = (
					"$(inherited)",
					"@executable_path/Frameworks",
				);
				MARKETING_VERSION = 1.0;
				PRODUCT_BUNDLE_IDENTIFIER = "com.sesac.Tamagotchi-Project";
				PRODUCT_NAME = "$(TARGET_NAME)";
				SWIFT_EMIT_LOC_STRINGS = YES;
				SWIFT_VERSION = 5.0;
				TARGETED_DEVICE_FAMILY = "1,2";
			};
			name = Debug;
		};
		1ED24A62288B0DB6004613FC /* Release */ = {
			isa = XCBuildConfiguration;
			buildSettings = {
				ASSETCATALOG_COMPILER_APPICON_NAME = AppIcon;
				ASSETCATALOG_COMPILER_GLOBAL_ACCENT_COLOR_NAME = AccentColor;
				CODE_SIGN_STYLE = Automatic;
				CURRENT_PROJECT_VERSION = 1;
				DEVELOPMENT_TEAM = AFMSUTLF6S;
				GENERATE_INFOPLIST_FILE = YES;
				INFOPLIST_FILE = Tamagotchi_Project/Info.plist;
				INFOPLIST_KEY_UIApplicationSupportsIndirectInputEvents = YES;
				INFOPLIST_KEY_UILaunchStoryboardName = LaunchScreen;
				INFOPLIST_KEY_UIMainStoryboardFile = Main;
				INFOPLIST_KEY_UISupportedInterfaceOrientations_iPad = "UIInterfaceOrientationPortrait UIInterfaceOrientationPortraitUpsideDown UIInterfaceOrientationLandscapeLeft UIInterfaceOrientationLandscapeRight";
				INFOPLIST_KEY_UISupportedInterfaceOrientations_iPhone = "UIInterfaceOrientationPortrait UIInterfaceOrientationLandscapeLeft UIInterfaceOrientationLandscapeRight";
				LD_RUNPATH_SEARCH_PATHS = (
					"$(inherited)",
					"@executable_path/Frameworks",
				);
				MARKETING_VERSION = 1.0;
				PRODUCT_BUNDLE_IDENTIFIER = "com.sesac.Tamagotchi-Project";
				PRODUCT_NAME = "$(TARGET_NAME)";
				SWIFT_EMIT_LOC_STRINGS = YES;
				SWIFT_VERSION = 5.0;
				TARGETED_DEVICE_FAMILY = "1,2";
			};
			name = Release;
		};
/* End XCBuildConfiguration section */

/* Begin XCConfigurationList section */
		1ED24A47288B0DB1004613FC /* Build configuration list for PBXProject "Tamagotchi_Project" */ = {
			isa = XCConfigurationList;
			buildConfigurations = (
				1ED24A5E288B0DB6004613FC /* Debug */,
				1ED24A5F288B0DB6004613FC /* Release */,
			);
			defaultConfigurationIsVisible = 0;
			defaultConfigurationName = Release;
		};
		1ED24A60288B0DB6004613FC /* Build configuration list for PBXNativeTarget "Tamagotchi_Project" */ = {
			isa = XCConfigurationList;
			buildConfigurations = (
				1ED24A61288B0DB6004613FC /* Debug */,
				1ED24A62288B0DB6004613FC /* Release */,
			);
			defaultConfigurationIsVisible = 0;
			defaultConfigurationName = Release;
		};
/* End XCConfigurationList section */

/* Begin XCRemoteSwiftPackageReference section */
		1EB47A49288C75A70035313E /* XCRemoteSwiftPackageReference "Toast-Swift" */ = {
			isa = XCRemoteSwiftPackageReference;
			repositoryURL = "https://github.com/scalessec/Toast-Swift.git";
			requirement = {
				branch = master;
				kind = branch;
			};
		};
/* End XCRemoteSwiftPackageReference section */

/* Begin XCSwiftPackageProductDependency section */
		1EB47A4A288C75A70035313E /* Toast */ = {
			isa = XCSwiftPackageProductDependency;
			package = 1EB47A49288C75A70035313E /* XCRemoteSwiftPackageReference "Toast-Swift" */;
			productName = Toast;
		};
/* End XCSwiftPackageProductDependency section */
	};
	rootObject = 1ED24A44288B0DB1004613FC /* Project object */;
}
